Microsoft Visual Studio Solution File, Format Version 11.00
# Visual Studio 2008

Project("{C1866F3B-8F12-CC42-C482-8A8E6F42FD28}") = "rpgrunnerproject", "Assembly-CSharp.csproj", "{867CB0B1-90EB-5821-5483-962166BD9566}"
EndProject
Global
	GlobalSection(SolutionConfigurationPlatforms) = preSolution
		Debug|Any CPU = Debug|Any CPU
		Release|Any CPU = Release|Any CPU
	EndGlobalSection
	GlobalSection(ProjectConfigurationPlatforms) = postSolution
		{867CB0B1-90EB-5821-5483-962166BD9566}.Debug|Any CPU.ActiveCfg = Debug|Any CPU
		{867CB0B1-90EB-5821-5483-962166BD9566}.Debug|Any CPU.Build.0 = Debug|Any CPU
		{867CB0B1-90EB-5821-5483-962166BD9566}.Release|Any CPU.ActiveCfg = Release|Any CPU
		{867CB0B1-90EB-5821-5483-962166BD9566}.Release|Any CPU.Build.0 = Release|Any CPU
	EndGlobalSection
	GlobalSection(SolutionProperties) = preSolution
		HideSolutionNode = FALSE
	EndGlobalSection
	GlobalSection(MonoDevelopProperties) = preSolution
		StartupItem = Assembly-CSharp.csproj
	EndGlobalSection
EndGlobal
